
Microsoft Visual Studio Solution File, Format Version 12.00
# Visual Studio Version 17
VisualStudioVersion = 17.5.33627.172
MinimumVisualStudioVersion = 10.0.40219.1
Project("{9A19103F-16F7-4668-BE54-9A1E7A4F7556}") = "ShopAlp", "ShopAlp\ShopAlp.csproj", "{FE032FB8-E9E1-4A1D-AC97-4C3563603D96}"
EndProject
Project("{F2A71F9B-5D33-465A-A702-920D77279786}") = "Administation", "Administation\Administation.fsproj", "{009B564F-6A7C-42A2-B54C-1A8477BEEAF4}"
EndProject
Global
	GlobalSection(SolutionConfigurationPlatforms) = preSolution
		Debug|Any CPU = Debug|Any CPU
		Release|Any CPU = Release|Any CPU
	EndGlobalSection
	GlobalSection(ProjectConfigurationPlatforms) = postSolution
		{FE032FB8-E9E1-4A1D-AC97-4C3563603D96}.Debug|Any CPU.ActiveCfg = Debug|Any CPU
		{FE032FB8-E9E1-4A1D-AC97-4C3563603D96}.Debug|Any CPU.Build.0 = Debug|Any CPU
		{FE032FB8-E9E1-4A1D-AC97-4C3563603D96}.Release|Any CPU.ActiveCfg = Release|Any CPU
		{FE032FB8-E9E1-4A1D-AC97-4C3563603D96}.Release|Any CPU.Build.0 = Release|Any CPU
		{009B564F-6A7C-42A2-B54C-1A8477BEEAF4}.Debug|Any CPU.ActiveCfg = Debug|Any CPU
		{009B564F-6A7C-42A2-B54C-1A8477BEEAF4}.Debug|Any CPU.Build.0 = Debug|Any CPU
		{009B564F-6A7C-42A2-B54C-1A8477BEEAF4}.Release|Any CPU.ActiveCfg = Release|Any CPU
		{009B564F-6A7C-42A2-B54C-1A8477BEEAF4}.Release|Any CPU.Build.0 = Release|Any CPU
	EndGlobalSection
	GlobalSection(SolutionProperties) = preSolution
		HideSolutionNode = FALSE
	EndGlobalSection
	GlobalSection(ExtensibilityGlobals) = postSolution
		SolutionGuid = {81D34FBC-B3EE-4163-B2E1-1D098BFED99E}
	EndGlobalSection
EndGlobal
